
Microsoft Visual Studio Solution File, Format Version 12.00
# Visual Studio Version 16
VisualStudioVersion = 16.0.30002.166
MinimumVisualStudioVersion = 10.0.40219.1
Project("{9A19103F-16F7-4668-BE54-9A1E7A4F7556}") = "GodelTech.Microservices.Swagger", "src\GodelTech.Microservices.Swagger\GodelTech.Microservices.Swagger.csproj", "{00000000-0000-0000-0000-000000000001}"
EndProject
Project("{9A19103F-16F7-4668-BE54-9A1E7A4F7556}") = "GodelTech.Microservices.Swagger.Tests", "test\GodelTech.Microservices.Swagger.Tests\GodelTech.Microservices.Swagger.Tests.csproj", "{00000000-0000-0000-0000-000000000002}"
EndProject
Project("{2150E333-8FDC-42A3-9474-1A3956D46DE8}") = "src", "src", "{D97267BB-A79A-42F1-AE24-46CF3B41A4B6}"
EndProject
Project("{2150E333-8FDC-42A3-9474-1A3956D46DE8}") = "test", "test", "{51419E14-4C27-436F-BC26-F7C84D457611}"
EndProject
Project("{FAE04EC0-301F-11D3-BF4B-00C04F79EFBC}") = "GodelTech.Microservices.Swagger.IntegrationTests", "test\GodelTech.Microservices.Swagger.IntegrationTests\GodelTech.Microservices.Swagger.IntegrationTests.csproj", "{03C19750-4CD1-449D-BEA8-9F0EC3A0C044}"
EndProject
Global
	GlobalSection(SolutionConfigurationPlatforms) = preSolution
		Debug|Any CPU = Debug|Any CPU
		Release|Any CPU = Release|Any CPU
	EndGlobalSection
	GlobalSection(ProjectConfigurationPlatforms) = postSolution
		{00000000-0000-0000-0000-000000000001}.Debug|Any CPU.ActiveCfg = Debug|Any CPU
		{00000000-0000-0000-0000-000000000001}.Debug|Any CPU.Build.0 = Debug|Any CPU
		{00000000-0000-0000-0000-000000000001}.Release|Any CPU.ActiveCfg = Release|Any CPU
		{00000000-0000-0000-0000-000000000001}.Release|Any CPU.Build.0 = Release|Any CPU
		{00000000-0000-0000-0000-000000000002}.Debug|Any CPU.ActiveCfg = Debug|Any CPU
		{00000000-0000-0000-0000-000000000002}.Debug|Any CPU.Build.0 = Debug|Any CPU
		{00000000-0000-0000-0000-000000000002}.Release|Any CPU.ActiveCfg = Release|Any CPU
		{00000000-0000-0000-0000-000000000002}.Release|Any CPU.Build.0 = Release|Any CPU
		{03C19750-4CD1-449D-BEA8-9F0EC3A0C044}.Debug|Any CPU.ActiveCfg = Debug|Any CPU
		{03C19750-4CD1-449D-BEA8-9F0EC3A0C044}.Debug|Any CPU.Build.0 = Debug|Any CPU
		{03C19750-4CD1-449D-BEA8-9F0EC3A0C044}.Release|Any CPU.ActiveCfg = Release|Any CPU
		{03C19750-4CD1-449D-BEA8-9F0EC3A0C044}.Release|Any CPU.Build.0 = Release|Any CPU
	EndGlobalSection
	GlobalSection(SolutionProperties) = preSolution
		HideSolutionNode = FALSE
	EndGlobalSection
	GlobalSection(NestedProjects) = preSolution
		{00000000-0000-0000-0000-000000000001} = {D97267BB-A79A-42F1-AE24-46CF3B41A4B6}
		{00000000-0000-0000-0000-000000000002} = {51419E14-4C27-436F-BC26-F7C84D457611}
		{03C19750-4CD1-449D-BEA8-9F0EC3A0C044} = {51419E14-4C27-436F-BC26-F7C84D457611}
	EndGlobalSection
	GlobalSection(ExtensibilityGlobals) = postSolution
		SolutionGuid = {B1CA495A-2D85-4A0E-B3D9-ADB1D0B25489}
	EndGlobalSection
EndGlobal
